# This file is @generated by PDM.
# It is not intended for manual editing.

[metadata]
groups = ["default", "dev"]
strategy = ["inherit_metadata"]
lock_version = "4.5.0"
content_hash = "sha256:4c0734536bd918f3eae57210f9d0b983c0baff87262d6c8c75d368fc18aec39f"

[[metadata.targets]]
requires_python = ">=3.14"

[[package]]
name = "asgiref"
version = "3.12.1"
requires_python = ">=3.10"
summary = "ASGI specs, helper code, and adapters"
groups = ["default"]
dependencies = [
    "typing-extensions>=4; python_version < \"3.11\"",
]
files = [
    {file = "asgiref-3.12.1-py3-none-any.whl", hash = "sha256:fe386d1c2bff7259ea95929266d12a8cf9a8b5a1c2598402967d8792e7a7c094"},
    {file = "asgiref-3.12.1.tar.gz", hash = "sha256:59dcb51c272ad209d59bed5708a64a333083e86017d7fcdd67498eeab7784340"},
]

[[package]]
name = "astroid"
version = "4.0.4"
requires_python = ">=3.10.0"
summary = "An abstract syntax tree for Python with inference support."
groups = ["dev"]
dependencies = [
    "typing-extensions>=4; python_version < \"3.11\"",
]
files = [
    {file = "astroid-4.0.4-py3-none-any.whl", hash = "sha256:52f39653876c7dec3e3afd4c2696920e05c83832b9737afc21928f2d2eb7a753"},
    {file = "astroid-4.0.4.tar.gz", hash = "sha256:986fed8bcf79fb82c78b18a53352a0b287a73817d6dbcfba3162da36667c49a0"},
]

[[package]]
name = "colorama"
version = "0.4.6"
requires_python = "!=3.0.*,!=3.1.*,!=3.2.*,!=3.3.*,!=3.4.*,!=3.5.*,!=3.6.*,>=2.7"
summary = "Cross-platform colored terminal text."
groups = ["dev"]
marker = "sys_platform == \"win32\""
files = [
    {file = "colorama-0.4.6-py2.py3-none-any.whl", hash = "sha256:4f1d9991f5acc0ca119f9d443620b77f9d6b33703e51011c16baf57afb285fc6"},
    {file = "colorama-0.4.6.tar.gz", hash = "sha256:08695f5cb7ed6e0531a20572697297273c47b8cae5a63ffc6d6ed5c201be6e44"},
]

[[package]]
name = "dill"
version = "0.4.1"
requires_python = ">=3.9"
summary = "serialize all of Python"
groups = ["dev"]
marker = "python_version >= \"3.11\""
files = [
    {file = "dill-0.4.1-py3-none-any.whl", hash = "sha256:1e1ce33e978ae97fcfcff5638477032b801c46c7c65cf717f95fbc2248f79a9d"},
    {file = "dill-0.4.1.tar.gz", hash = "sha256:423092df4182177d4d8ba8290c8a5b640c66ab35ec7da59ccfa00f6fa3eea5fa"},
]

[[package]]
name = "django"
version = "6.1"
requires_python = ">=3.12"
summary = "A high-level Python web framework that encourages rapid development and clean, pragmatic design."
groups = ["default"]
dependencies = [
    "asgiref>=3.9.1",
    "sqlparse>=0.5.0",
    "tzdata; sys_platform == \"win32\"",
]
files = [
    {file = "django-6.1-py3-none-any.whl", hash = "sha256:6c132cd980c9392b06807d4ca52d72530d631dc65a85d9dacede00a780cefbbe"},
    {file = "django-6.1.tar.gz", hash = "sha256:86a2aacd59b817e4d6ac2ebfe22356c58f66f7b24e503f71b7c2fead677ee48b"},
]

[[package]]
name = "djangorestframework"
version = "3.18.0"
requires_python = ">=3.10"
summary = "Web APIs for Django, made easy."
groups = ["default"]
dependencies = [
    "django>=5.2",
]
files = [
    {file = "djangorestframework-3.18.0-py3-none-any.whl", hash = "sha256:381fc44d3249c9565c5f723850855b734e99030eb30957a49f506d3fe11d7dcb"},
    {file = "djangorestframework-3.18.0.tar.gz", hash = "sha256:2323a5111837e0b784dcb8323abc78ecc54fa2a5af7aff2677cf50cdd849477f"},
]

[[package]]
name = "isort"
version = "8.0.1"
requires_python = ">=3.10.0"
summary = "A Python utility / library to sort Python imports."
groups = ["dev"]
files = [
    {file = "isort-8.0.1-py3-none-any.whl", hash = "sha256:28b89bc70f751b559aeca209e6120393d43fbe2490de0559662be7a9787e3d75"},
    {file = "isort-8.0.1.tar.gz", hash = "sha256:171ac4ff559cdc060bcfff550bc8404a486fee0caab245679c2abe7cb253c78d"},
]

[[package]]
name = "mccabe"
version = "0.7.0"
requires_python = ">=3.6"
summary = "McCabe checker, plugin for flake8"
groups = ["dev"]
files = [
    {file = "mccabe-0.7.0-py2.py3-none-any.whl", hash = "sha256:6c2d30ab6be0e4a46919781807b4f0d834ebdd6c6e3dca0bda5a15f863427b6e"},
    {file = "mccabe-0.7.0.tar.gz", hash = "sha256:348e0240c33b60bbdf4e523192ef919f28cb2c3d7d5c7794f74009290f236325"},
]

[[package]]
name = "platformdirs"
version = "4.11.2"
requires_python = ">=3.10"
summary = "A small Python package for determining appropriate platform-specific dirs, e.g. a `user data dir`."
groups = ["dev"]
files = [
    {file = "platformdirs-4.11.2-py3-none-any.whl", hash = "sha256:7f89089b6ea71bda7962953edcf784b2e2d9d285b40ad88be2bb75c6e9d82ab4"},
    {file = "platformdirs-4.11.2.tar.gz", hash = "sha256:3a2ae5fca3520a01ab1be8b45613537f52ddf5b5f6f53d88233892dfbf0cd82d"},
]

[[package]]
name = "pylint"
version = "4.0.7"
requires_python = ">=3.10.0"
summary = "python code static checker"
groups = ["dev"]
dependencies = [
    "astroid<=4.1.dev0,>=4.0.2",
    "colorama>=0.4.5; sys_platform == \"win32\"",
    "dill>=0.2; python_version < \"3.11\"",
    "dill>=0.3.6; python_version >= \"3.11\"",
    "dill>=0.3.7; python_version >= \"3.12\"",
    "isort!=5.13,<9,>=5",
    "mccabe<0.8,>=0.6",
    "platformdirs>=2.2",
    "tomli>=1.1; python_version < \"3.11\"",
    "tomlkit>=0.10.1",
    "typing-extensions>=3.10; python_version < \"3.10\"",
]
files = [
    {file = "pylint-4.0.7-py3-none-any.whl", hash = "sha256:be4a3111557a614411ed1fc89347ce4a8e1013a59e1f33d11485227a02e3304d"},
    {file = "pylint-4.0.7.tar.gz", hash = "sha256:9b2d1d15791c84b77a4fe2aafe8f0d9570717e2dea06d53b19c105cf60275a52"},
]

[[package]]
name = "pylint-django"
version = "2.8.0"
requires_python = "<4.0,>=3.9"
summary = "A Pylint plugin to help Pylint understand the Django web framework"
groups = ["dev"]
dependencies = [
    "pylint-plugin-utils>=0.8",
    "pylint<5,>=3.0",
]
files = [
    {file = "pylint_django-2.8.0-py3-none-any.whl", hash = "sha256:706eb2cc8d7692236be9fd033a341042afe3bbbf99df9234a659db931016ef5d"},
    {file = "pylint_django-2.8.0.tar.gz", hash = "sha256:42accea9098e4a3298b4bfbae0e4da81f909f8bff0deda9485efbd6035a86d6a"},
]

[[package]]
name = "pylint-plugin-utils"
version = "0.9.0"
requires_python = "<4.0,>=3.9"
summary = "Utilities and helpers for writing Pylint plugins"
groups = ["dev"]
dependencies = [
    "pylint>=1.7",
]
files = [
    {file = "pylint_plugin_utils-0.9.0-py3-none-any.whl", hash = "sha256:16e9b84e5326ba893a319a0323fcc8b4bcc9c71fc654fcabba0605596c673818"},
    {file = "pylint_plugin_utils-0.9.0.tar.gz", hash = "sha256:5468d763878a18d5cc4db46eaffdda14313b043c962a263a7d78151b90132055"},
]

[[package]]
name = "python-dotenv"
version = "1.2.2"
requires_python = ">=3.10"
summary = "Read key-value pairs from a .env file and set them as environment variables"
groups = ["default"]
files = [
    {file = "python_dotenv-1.2.2-py3-none-any.whl", hash = "sha256:1d8214789a24de455a8b8bd8ae6fe3c6b69a5e3d64aa8a8e5d68e694bbcb285a"},
    {file = "python_dotenv-1.2.2.tar.gz", hash = "sha256:2c371a91fbd7ba082c2c1dc1f8bf89ca22564a087c2c287cd9b662adde799cf3"},
]

[[package]]
name = "sqlparse"
version = "0.5.5"
requires_python = ">=3.8"
summary = "A non-validating SQL parser."
groups = ["default"]
files = [
    {file = "sqlparse-0.5.5-py3-none-any.whl", hash = "sha256:12a08b3bf3eec877c519589833aed092e2444e68240a3577e8e26148acc7b1ba"},
    {file = "sqlparse-0.5.5.tar.gz", hash = "sha256:e20d4a9b0b8585fdf63b10d30066c7c94c5d7a7ec47c889a2d83a3caa93ff28e"},
]

[[package]]
name = "tomlkit"
version = "0.15.1"
requires_python = ">=3.9"
summary = "Style preserving TOML library"
groups = ["dev"]
files = [
    {file = "tomlkit-0.15.1-py3-none-any.whl", hash = "sha256:177a05aece5a8ca5266fd3c448abb47b8d352f09d477d3ca8332db4d89b24304"},
    {file = "tomlkit-0.15.1.tar.gz", hash = "sha256:e25bbf38843005246210a12982776f27f99cb9be67160e14434d0c0d21ee1e97"},
]

[[package]]
name = "tzdata"
version = "2026.3"
requires_python = ">=2"
summary = "Provider of IANA time zone data"
groups = ["default"]
marker = "sys_platform == \"win32\""
files = [
    {file = "tzdata-2026.3-py2.py3-none-any.whl", hash = "sha256:dc096730c87af6cab1b171c9d532be840741ff5d459015e7f6947bd7d7e54931"},
    {file = "tzdata-2026.3.tar.gz", hash = "sha256:4a1518b8993086a7982523e071643f3c0e5f213e75b21318e78bcabfff9d1415"},
]
